// !$*UTF8*$!
{
	archiveVersion = 1;
	classes = {
	};
	objectVersion = 55;
	objects = {

/* Begin PBXBuildFile section */
		970F97EB27F1B1B700FAE05B /* TofyKeysApp.swift in Sources */ = {isa = PBXBuildFile; fileRef = 970F97EA27F1B1B700FAE05B /* TofyKeysApp.swift */; };
		970F97EF27F1B1B900FAE05B /* Assets.xcassets in Resources */ = {isa = PBXBuildFile; fileRef = 970F97EE27F1B1B900FAE05B /* Assets.xcassets */; };
		970F97F227F1B1B900FAE05B /* Preview Assets.xcassets in Resources */ = {isa = PBXBuildFile; fileRef = 970F97F127F1B1B900FAE05B /* Preview Assets.xcassets */; };
		970F97FB27F1B69900FAE05B /* ClavesLandingView.swift in Sources */ = {isa = PBXBuildFile; fileRef = 970F97FA27F1B69900FAE05B /* ClavesLandingView.swift */; };
		970F97FF27F1B71E00FAE05B /* TopView.swift in Sources */ = {isa = PBXBuildFile; fileRef = 970F97FE27F1B71E00FAE05B /* TopView.swift */; };
		970F980227F1B97800FAE05B /* TofyText.swift in Sources */ = {isa = PBXBuildFile; fileRef = 970F980127F1B97800FAE05B /* TofyText.swift */; };
		970F980627F1BF1E00FAE05B /* User.swift in Sources */ = {isa = PBXBuildFile; fileRef = 970F980527F1BF1E00FAE05B /* User.swift */; };
		970F980A27F1C05100FAE05B /* UserViewModel.swift in Sources */ = {isa = PBXBuildFile; fileRef = 970F980927F1C05100FAE05B /* UserViewModel.swift */; };
		970F980C27F1C40F00FAE05B /* UserSettingsView.swift in Sources */ = {isa = PBXBuildFile; fileRef = 970F980B27F1C40F00FAE05B /* UserSettingsView.swift */; };
		970F980F27F1C5CB00FAE05B /* LoggedUser.swift in Sources */ = {isa = PBXBuildFile; fileRef = 970F980E27F1C5CB00FAE05B /* LoggedUser.swift */; };
		970F981127F1C5D700FAE05B /* NoLoggedUser.swift in Sources */ = {isa = PBXBuildFile; fileRef = 970F981027F1C5D700FAE05B /* NoLoggedUser.swift */; };
		970F981327F1C67600FAE05B /* TofyButton.swift in Sources */ = {isa = PBXBuildFile; fileRef = 970F981227F1C67600FAE05B /* TofyButton.swift */; };
		970F981527F1C75800FAE05B /* Colors.xcassets in Resources */ = {isa = PBXBuildFile; fileRef = 970F981427F1C75800FAE05B /* Colors.xcassets */; };
		970F981727F1C7B700FAE05B /* Colors.swift in Sources */ = {isa = PBXBuildFile; fileRef = 970F981627F1C7B700FAE05B /* Colors.swift */; };
		970F982D27F63F1900FAE05B /* Clave.swift in Sources */ = {isa = PBXBuildFile; fileRef = 970F982C27F63F1900FAE05B /* Clave.swift */; };
		970F983227F6409200FAE05B /* TofyKeys.xcdatamodeld in Sources */ = {isa = PBXBuildFile; fileRef = 970F983027F6409200FAE05B /* TofyKeys.xcdatamodeld */; };
		970F983827F6456300FAE05B /* PersistenceController.swift in Sources */ = {isa = PBXBuildFile; fileRef = 970F983727F6456300FAE05B /* PersistenceController.swift */; };
		97129C462ADDCBD600870E8F /* TransferDetail.swift in Sources */ = {isa = PBXBuildFile; fileRef = 97129C452ADDCBD600870E8F /* TransferDetail.swift */; };
		97324F062A813A5600AE050F /* ProductoView.swift in Sources */ = {isa = PBXBuildFile; fileRef = 97324F052A813A5600AE050F /* ProductoView.swift */; };
		97354B3B2B11503D0024B3FF /* ContabilidadView.swift in Sources */ = {isa = PBXBuildFile; fileRef = 97354B3A2B11503D0024B3FF /* ContabilidadView.swift */; };
		973794DB2B1F09120061706C /* EditCategoryView.swift in Sources */ = {isa = PBXBuildFile; fileRef = 973794DA2B1F09120061706C /* EditCategoryView.swift */; };
		974E3D1E28197C9F00C5CA1F /* loading.json in Resources */ = {isa = PBXBuildFile; fileRef = 974E3D1D28197C9F00C5CA1F /* loading.json */; };
		974E3D2128197CE700C5CA1F /* Lottie in Frameworks */ = {isa = PBXBuildFile; productRef = 974E3D2028197CE700C5CA1F /* Lottie */; };
		974E3D2328197DAE00C5CA1F /* LottieView.swift in Sources */ = {isa = PBXBuildFile; fileRef = 974E3D2228197DAE00C5CA1F /* LottieView.swift */; };
		974E3D25281988D800C5CA1F /* ApiManager.swift in Sources */ = {isa = PBXBuildFile; fileRef = 974E3D24281988D800C5CA1F /* ApiManager.swift */; };
		974E3D2728198BA000C5CA1F /* Extensions.swift in Sources */ = {isa = PBXBuildFile; fileRef = 974E3D2628198BA000C5CA1F /* Extensions.swift */; };
		974E3D2C281BF7A800C5CA1F /* RegisterView.swift in Sources */ = {isa = PBXBuildFile; fileRef = 974E3D2B281BF7A800C5CA1F /* RegisterView.swift */; };
		974E3D2F281C744F00C5CA1F /* ChooseCharacter.swift in Sources */ = {isa = PBXBuildFile; fileRef = 974E3D2E281C744F00C5CA1F /* ChooseCharacter.swift */; };
		974E3D312847AC0700C5CA1F /* ClaveViewModel.swift in Sources */ = {isa = PBXBuildFile; fileRef = 974E3D302847AC0700C5CA1F /* ClaveViewModel.swift */; };
		974E3D3628495A3E00C5CA1F /* GlobalManager.swift in Sources */ = {isa = PBXBuildFile; fileRef = 974E3D3528495A3E00C5CA1F /* GlobalManager.swift */; };
		9750FDF42B309B920035F543 /* EditingCategoryCell.swift in Sources */ = {isa = PBXBuildFile; fileRef = 9750FDF32B309B920035F543 /* EditingCategoryCell.swift */; };
		975B37242B22295800875619 /* SFSymbolManager.swift in Sources */ = {isa = PBXBuildFile; fileRef = 975B37232B22295800875619 /* SFSymbolManager.swift */; };
		975C737C2A238A1200CDB280 /* NotasView.swift in Sources */ = {isa = PBXBuildFile; fileRef = 975C737B2A238A1200CDB280 /* NotasView.swift */; };
		975C737E2A238A1F00CDB280 /* AddNotasView.swift in Sources */ = {isa = PBXBuildFile; fileRef = 975C737D2A238A1F00CDB280 /* AddNotasView.swift */; };
		975C73802A23A16800CDB280 /* ShowNotaView.swift in Sources */ = {isa = PBXBuildFile; fileRef = 975C737F2A23A16800CDB280 /* ShowNotaView.swift */; };
		975C73822A361B4B00CDB280 /* EconomyModel.swift in Sources */ = {isa = PBXBuildFile; fileRef = 975C73812A361B4B00CDB280 /* EconomyModel.swift */; };
		975C73842A36230200CDB280 /* ClaveBD.swift in Sources */ = {isa = PBXBuildFile; fileRef = 975C73832A36230200CDB280 /* ClaveBD.swift */; };
		975C73862A36232400CDB280 /* UserDB.swift in Sources */ = {isa = PBXBuildFile; fileRef = 975C73852A36232400CDB280 /* UserDB.swift */; };
		975C73882A36234400CDB280 /* EconomyDB.swift in Sources */ = {isa = PBXBuildFile; fileRef = 975C73872A36234400CDB280 /* EconomyDB.swift */; };
		975C738A2A488AD400CDB280 /* EconomyViewModel.swift in Sources */ = {isa = PBXBuildFile; fileRef = 975C73892A488AD400CDB280 /* EconomyViewModel.swift */; };
		975C738D2A4891FB00CDB280 /* AddProductoView.swift in Sources */ = {isa = PBXBuildFile; fileRef = 975C738C2A4891FB00CDB280 /* AddProductoView.swift */; };
		975C738F2A4DCA3200CDB280 /* AddTransferencia.swift in Sources */ = {isa = PBXBuildFile; fileRef = 975C738E2A4DCA3200CDB280 /* AddTransferencia.swift */; };
		9774067F29D1AF2100802B25 /* MainTabBarView.swift in Sources */ = {isa = PBXBuildFile; fileRef = 9774067E29D1AF2100802B25 /* MainTabBarView.swift */; };
		9774068229D1AFD900802B25 /* EconomyLanding.swift in Sources */ = {isa = PBXBuildFile; fileRef = 9774068129D1AFD900802B25 /* EconomyLanding.swift */; };
		9774068529D1B9E200802B25 /* TofyNavigation.swift in Sources */ = {isa = PBXBuildFile; fileRef = 9774068429D1B9E200802B25 /* TofyNavigation.swift */; };
		9774068829D881FE00802B25 /* add.json in Resources */ = {isa = PBXBuildFile; fileRef = 9774068729D881FE00802B25 /* add.json */; };
		9774068E29FFF46B00802B25 /* RecordarView.swift in Sources */ = {isa = PBXBuildFile; fileRef = 9774068D29FFF46B00802B25 /* RecordarView.swift */; };
		9774069029FFF5A400802B25 /* RecordarViewModel.swift in Sources */ = {isa = PBXBuildFile; fileRef = 9774068F29FFF5A400802B25 /* RecordarViewModel.swift */; };
		977F4933280D92F300DE9BEC /* Localizable.strings in Resources */ = {isa = PBXBuildFile; fileRef = 977F4935280D92F300DE9BEC /* Localizable.strings */; };
		977F493B280D95AC00DE9BEC /* LoginView.swift in Sources */ = {isa = PBXBuildFile; fileRef = 977F493A280D95AC00DE9BEC /* LoginView.swift */; };
		977F493D280D9F2500DE9BEC /* TofyTextField.swift in Sources */ = {isa = PBXBuildFile; fileRef = 977F493C280D9F2500DE9BEC /* TofyTextField.swift */; };
		9798C76F2850E3530044D11B /* AddClaveView.swift in Sources */ = {isa = PBXBuildFile; fileRef = 9798C76E2850E3530044D11B /* AddClaveView.swift */; };
		9798C7732853C8570044D11B /* ClaveCell.swift in Sources */ = {isa = PBXBuildFile; fileRef = 9798C7722853C8570044D11B /* ClaveCell.swift */; };
		9798C7752857766A0044D11B /* ShowClaveView.swift in Sources */ = {isa = PBXBuildFile; fileRef = 9798C7742857766A0044D11B /* ShowClaveView.swift */; };
		97999AF42A111CF600482E6D /* ParkingView.swift in Sources */ = {isa = PBXBuildFile; fileRef = 97999AF32A111CF600482E6D /* ParkingView.swift */; };
		97999AF62A111D8000482E6D /* AddParkingView.swift in Sources */ = {isa = PBXBuildFile; fileRef = 97999AF52A111D8000482E6D /* AddParkingView.swift */; };
		979B9399295AF7740034827D /* Animations.swift in Sources */ = {isa = PBXBuildFile; fileRef = 979B9398295AF7740034827D /* Animations.swift */; };
		97BFA28E2A7A913F00022312 /* UserSettings.swift in Sources */ = {isa = PBXBuildFile; fileRef = 97BFA28D2A7A913F00022312 /* UserSettings.swift */; };
		97BFA2922A7BDD9D00022312 /* AddCategoryView.swift in Sources */ = {isa = PBXBuildFile; fileRef = 97BFA2912A7BDD9D00022312 /* AddCategoryView.swift */; };
		97BFA2942A7BE44100022312 /* CategoryDB.swift in Sources */ = {isa = PBXBuildFile; fileRef = 97BFA2932A7BE44100022312 /* CategoryDB.swift */; };
		97BFA2962A7BE9BD00022312 /* TransactionCategoryViewModel.swift in Sources */ = {isa = PBXBuildFile; fileRef = 97BFA2952A7BE9BD00022312 /* TransactionCategoryViewModel.swift */; };
		97D9E8162B767123007A2B92 /* CuentaView.swift in Sources */ = {isa = PBXBuildFile; fileRef = 97D9E8152B767123007A2B92 /* CuentaView.swift */; };
		97D9E8192B767381007A2B92 /* ProductoMenu.swift in Sources */ = {isa = PBXBuildFile; fileRef = 97D9E8182B767381007A2B92 /* ProductoMenu.swift */; };
		97D9E81C2B76753E007A2B92 /* CategoryCell.swift in Sources */ = {isa = PBXBuildFile; fileRef = 97D9E81B2B76753E007A2B92 /* CategoryCell.swift */; };
/* End PBXBuildFile section */

/* Begin PBXFileReference section */
		97087D022A94EA18008A13A3 /* TofyKeysDebug.entitlements */ = {isa = PBXFileReference; lastKnownFileType = text.plist.entitlements; path = TofyKeysDebug.entitlements; sourceTree = "<group>"; };
		970F97E727F1B1B700FAE05B /* TofyKeys.app */ = {isa = PBXFileReference; explicitFileType = wrapper.application; includeInIndex = 0; path = TofyKeys.app; sourceTree = BUILT_PRODUCTS_DIR; };
		970F97EA27F1B1B700FAE05B /* TofyKeysApp.swift */ = {isa = PBXFileReference; lastKnownFileType = sourcecode.swift; path = TofyKeysApp.swift; sourceTree = "<group>"; };
		970F97EE27F1B1B900FAE05B /* Assets.xcassets */ = {isa = PBXFileReference; lastKnownFileType = folder.assetcatalog; path = Assets.xcassets; sourceTree = "<group>"; };
		970F97F127F1B1B900FAE05B /* Preview Assets.xcassets */ = {isa = PBXFileReference; lastKnownFileType = folder.assetcatalog; path = "Preview Assets.xcassets"; sourceTree = "<group>"; };
		970F97FA27F1B69900FAE05B /* ClavesLandingView.swift */ = {isa = PBXFileReference; lastKnownFileType = sourcecode.swift; path = ClavesLandingView.swift; sourceTree = "<group>"; };
		970F97FE27F1B71E00FAE05B /* TopView.swift */ = {isa = PBXFileReference; lastKnownFileType = sourcecode.swift; path = TopView.swift; sourceTree = "<group>"; };
		970F980127F1B97800FAE05B /* TofyText.swift */ = {isa = PBXFileReference; lastKnownFileType = sourcecode.swift; path = TofyText.swift; sourceTree = "<group>"; };
		970F980527F1BF1E00FAE05B /* User.swift */ = {isa = PBXFileReference; lastKnownFileType = sourcecode.swift; path = User.swift; sourceTree = "<group>"; };
		970F980927F1C05100FAE05B /* UserViewModel.swift */ = {isa = PBXFileReference; lastKnownFileType = sourcecode.swift; path = UserViewModel.swift; sourceTree = "<group>"; };
		970F980B27F1C40F00FAE05B /* UserSettingsView.swift */ = {isa = PBXFileReference; lastKnownFileType = sourcecode.swift; path = UserSettingsView.swift; sourceTree = "<group>"; };
		970F980E27F1C5CB00FAE05B /* LoggedUser.swift */ = {isa = PBXFileReference; lastKnownFileType = sourcecode.swift; path = LoggedUser.swift; sourceTree = "<group>"; };
		970F981027F1C5D700FAE05B /* NoLoggedUser.swift */ = {isa = PBXFileReference; lastKnownFileType = sourcecode.swift; path = NoLoggedUser.swift; sourceTree = "<group>"; };
		970F981227F1C67600FAE05B /* TofyButton.swift */ = {isa = PBXFileReference; lastKnownFileType = sourcecode.swift; path = TofyButton.swift; sourceTree = "<group>"; };
		970F981427F1C75800FAE05B /* Colors.xcassets */ = {isa = PBXFileReference; lastKnownFileType = folder.assetcatalog; path = Colors.xcassets; sourceTree = "<group>"; };
		970F981627F1C7B700FAE05B /* Colors.swift */ = {isa = PBXFileReference; lastKnownFileType = sourcecode.swift; path = Colors.swift; sourceTree = "<group>"; };
		970F982C27F63F1900FAE05B /* Clave.swift */ = {isa = PBXFileReference; lastKnownFileType = sourcecode.swift; path = Clave.swift; sourceTree = "<group>"; };
		970F983127F6409200FAE05B /* UserDatabase.xcdatamodel */ = {isa = PBXFileReference; lastKnownFileType = wrapper.xcdatamodel; path = UserDatabase.xcdatamodel; sourceTree = "<group>"; };
		970F983727F6456300FAE05B /* PersistenceController.swift */ = {isa = PBXFileReference; lastKnownFileType = sourcecode.swift; path = PersistenceController.swift; sourceTree = "<group>"; };
		97129C452ADDCBD600870E8F /* TransferDetail.swift */ = {isa = PBXFileReference; lastKnownFileType = sourcecode.swift; path = TransferDetail.swift; sourceTree = "<group>"; };
		97324F052A813A5600AE050F /* ProductoView.swift */ = {isa = PBXFileReference; lastKnownFileType = sourcecode.swift; path = ProductoView.swift; sourceTree = "<group>"; };
		97354B3A2B11503D0024B3FF /* ContabilidadView.swift */ = {isa = PBXFileReference; lastKnownFileType = sourcecode.swift; path = ContabilidadView.swift; sourceTree = "<group>"; };
		973794DA2B1F09120061706C /* EditCategoryView.swift */ = {isa = PBXFileReference; lastKnownFileType = sourcecode.swift; path = EditCategoryView.swift; sourceTree = "<group>"; };
		974E3D1D28197C9F00C5CA1F /* loading.json */ = {isa = PBXFileReference; fileEncoding = 4; lastKnownFileType = text.json; path = loading.json; sourceTree = "<group>"; };
		974E3D2228197DAE00C5CA1F /* LottieView.swift */ = {isa = PBXFileReference; lastKnownFileType = sourcecode.swift; path = LottieView.swift; sourceTree = "<group>"; };
		974E3D24281988D800C5CA1F /* ApiManager.swift */ = {isa = PBXFileReference; lastKnownFileType = sourcecode.swift; path = ApiManager.swift; sourceTree = "<group>"; };
		974E3D2628198BA000C5CA1F /* Extensions.swift */ = {isa = PBXFileReference; lastKnownFileType = sourcecode.swift; path = Extensions.swift; sourceTree = "<group>"; };
		974E3D2B281BF7A800C5CA1F /* RegisterView.swift */ = {isa = PBXFileReference; lastKnownFileType = sourcecode.swift; path = RegisterView.swift; sourceTree = "<group>"; };
		974E3D2E281C744F00C5CA1F /* ChooseCharacter.swift */ = {isa = PBXFileReference; lastKnownFileType = sourcecode.swift; path = ChooseCharacter.swift; sourceTree = "<group>"; };
		974E3D302847AC0700C5CA1F /* ClaveViewModel.swift */ = {isa = PBXFileReference; lastKnownFileType = sourcecode.swift; path = ClaveViewModel.swift; sourceTree = "<group>"; };
		974E3D3528495A3E00C5CA1F /* GlobalManager.swift */ = {isa = PBXFileReference; lastKnownFileType = sourcecode.swift; path = GlobalManager.swift; sourceTree = "<group>"; };
		9750FDF32B309B920035F543 /* EditingCategoryCell.swift */ = {isa = PBXFileReference; lastKnownFileType = sourcecode.swift; path = EditingCategoryCell.swift; sourceTree = "<group>"; };
		975B37232B22295800875619 /* SFSymbolManager.swift */ = {isa = PBXFileReference; lastKnownFileType = sourcecode.swift; path = SFSymbolManager.swift; sourceTree = "<group>"; };
		975C737B2A238A1200CDB280 /* NotasView.swift */ = {isa = PBXFileReference; lastKnownFileType = sourcecode.swift; path = NotasView.swift; sourceTree = "<group>"; };
		975C737D2A238A1F00CDB280 /* AddNotasView.swift */ = {isa = PBXFileReference; lastKnownFileType = sourcecode.swift; path = AddNotasView.swift; sourceTree = "<group>"; };
		975C737F2A23A16800CDB280 /* ShowNotaView.swift */ = {isa = PBXFileReference; lastKnownFileType = sourcecode.swift; path = ShowNotaView.swift; sourceTree = "<group>"; };
		975C73812A361B4B00CDB280 /* EconomyModel.swift */ = {isa = PBXFileReference; lastKnownFileType = sourcecode.swift; path = EconomyModel.swift; sourceTree = "<group>"; };
		975C73832A36230200CDB280 /* ClaveBD.swift */ = {isa = PBXFileReference; lastKnownFileType = sourcecode.swift; path = ClaveBD.swift; sourceTree = "<group>"; };
		975C73852A36232400CDB280 /* UserDB.swift */ = {isa = PBXFileReference; lastKnownFileType = sourcecode.swift; path = UserDB.swift; sourceTree = "<group>"; };
		975C73872A36234400CDB280 /* EconomyDB.swift */ = {isa = PBXFileReference; lastKnownFileType = sourcecode.swift; path = EconomyDB.swift; sourceTree = "<group>"; };
		975C73892A488AD400CDB280 /* EconomyViewModel.swift */ = {isa = PBXFileReference; lastKnownFileType = sourcecode.swift; path = EconomyViewModel.swift; sourceTree = "<group>"; };
		975C738C2A4891FB00CDB280 /* AddProductoView.swift */ = {isa = PBXFileReference; lastKnownFileType = sourcecode.swift; path = AddProductoView.swift; sourceTree = "<group>"; };
		975C738E2A4DCA3200CDB280 /* AddTransferencia.swift */ = {isa = PBXFileReference; lastKnownFileType = sourcecode.swift; path = AddTransferencia.swift; sourceTree = "<group>"; };
		9774067E29D1AF2100802B25 /* MainTabBarView.swift */ = {isa = PBXFileReference; lastKnownFileType = sourcecode.swift; path = MainTabBarView.swift; sourceTree = "<group>"; };
		9774068129D1AFD900802B25 /* EconomyLanding.swift */ = {isa = PBXFileReference; lastKnownFileType = sourcecode.swift; path = EconomyLanding.swift; sourceTree = "<group>"; };
		9774068429D1B9E200802B25 /* TofyNavigation.swift */ = {isa = PBXFileReference; lastKnownFileType = sourcecode.swift; path = TofyNavigation.swift; sourceTree = "<group>"; };
		9774068729D881FE00802B25 /* add.json */ = {isa = PBXFileReference; fileEncoding = 4; lastKnownFileType = text.json; path = add.json; sourceTree = "<group>"; };
		9774068D29FFF46B00802B25 /* RecordarView.swift */ = {isa = PBXFileReference; lastKnownFileType = sourcecode.swift; path = RecordarView.swift; sourceTree = "<group>"; };
		9774068F29FFF5A400802B25 /* RecordarViewModel.swift */ = {isa = PBXFileReference; lastKnownFileType = sourcecode.swift; path = RecordarViewModel.swift; sourceTree = "<group>"; };
		977F4934280D92F300DE9BEC /* en */ = {isa = PBXFileReference; lastKnownFileType = text.plist.strings; name = en; path = en.lproj/Localizable.strings; sourceTree = "<group>"; };
		977F4936280D930400DE9BEC /* es */ = {isa = PBXFileReference; lastKnownFileType = text.plist.strings; name = es; path = es.lproj/Localizable.strings; sourceTree = "<group>"; };
		977F493A280D95AC00DE9BEC /* LoginView.swift */ = {isa = PBXFileReference; lastKnownFileType = sourcecode.swift; path = LoginView.swift; sourceTree = "<group>"; };
		977F493C280D9F2500DE9BEC /* TofyTextField.swift */ = {isa = PBXFileReference; lastKnownFileType = sourcecode.swift; path = TofyTextField.swift; sourceTree = "<group>"; };
		977F493F2811F48B00DE9BEC /* TofyKeys.entitlements */ = {isa = PBXFileReference; lastKnownFileType = text.plist.entitlements; path = TofyKeys.entitlements; sourceTree = "<group>"; };
		9798C76E2850E3530044D11B /* AddClaveView.swift */ = {isa = PBXFileReference; lastKnownFileType = sourcecode.swift; path = AddClaveView.swift; sourceTree = "<group>"; };
		9798C7722853C8570044D11B /* ClaveCell.swift */ = {isa = PBXFileReference; lastKnownFileType = sourcecode.swift; path = ClaveCell.swift; sourceTree = "<group>"; };
		9798C7742857766A0044D11B /* ShowClaveView.swift */ = {isa = PBXFileReference; lastKnownFileType = sourcecode.swift; path = ShowClaveView.swift; sourceTree = "<group>"; };
		97999AF32A111CF600482E6D /* ParkingView.swift */ = {isa = PBXFileReference; lastKnownFileType = sourcecode.swift; path = ParkingView.swift; sourceTree = "<group>"; };
		97999AF52A111D8000482E6D /* AddParkingView.swift */ = {isa = PBXFileReference; lastKnownFileType = sourcecode.swift; path = AddParkingView.swift; sourceTree = "<group>"; };
		97999AF92A112BDD00482E6D /* Info.plist */ = {isa = PBXFileReference; lastKnownFileType = text.plist.xml; path = Info.plist; sourceTree = "<group>"; };
		979B9398295AF7740034827D /* Animations.swift */ = {isa = PBXFileReference; lastKnownFileType = sourcecode.swift; path = Animations.swift; sourceTree = "<group>"; };
		97BFA28D2A7A913F00022312 /* UserSettings.swift */ = {isa = PBXFileReference; lastKnownFileType = sourcecode.swift; path = UserSettings.swift; sourceTree = "<group>"; };
		97BFA2912A7BDD9D00022312 /* AddCategoryView.swift */ = {isa = PBXFileReference; lastKnownFileType = sourcecode.swift; path = AddCategoryView.swift; sourceTree = "<group>"; };
		97BFA2932A7BE44100022312 /* CategoryDB.swift */ = {isa = PBXFileReference; lastKnownFileType = sourcecode.swift; path = CategoryDB.swift; sourceTree = "<group>"; };
		97BFA2952A7BE9BD00022312 /* TransactionCategoryViewModel.swift */ = {isa = PBXFileReference; lastKnownFileType = sourcecode.swift; path = TransactionCategoryViewModel.swift; sourceTree = "<group>"; };
		97D9E8152B767123007A2B92 /* CuentaView.swift */ = {isa = PBXFileReference; lastKnownFileType = sourcecode.swift; path = CuentaView.swift; sourceTree = "<group>"; };
		97D9E8182B767381007A2B92 /* ProductoMenu.swift */ = {isa = PBXFileReference; lastKnownFileType = sourcecode.swift; path = ProductoMenu.swift; sourceTree = "<group>"; };
		97D9E81B2B76753E007A2B92 /* CategoryCell.swift */ = {isa = PBXFileReference; lastKnownFileType = sourcecode.swift; path = CategoryCell.swift; sourceTree = "<group>"; };
/* End PBXFileReference section */

/* Begin PBXFrameworksBuildPhase section */
		970F97E427F1B1B700FAE05B /* Frameworks */ = {
			isa = PBXFrameworksBuildPhase;
			buildActionMask = 2147483647;
			files = (
				974E3D2128197CE700C5CA1F /* Lottie in Frameworks */,
			);
			runOnlyForDeploymentPostprocessing = 0;
		};
/* End PBXFrameworksBuildPhase section */

/* Begin PBXGroup section */
		970F97DE27F1B1B700FAE05B = {
			isa = PBXGroup;
			children = (
				97999AF92A112BDD00482E6D /* Info.plist */,
				970F97E927F1B1B700FAE05B /* TofyKeys */,
				970F97E827F1B1B700FAE05B /* Products */,
			);
			sourceTree = "<group>";
		};
		970F97E827F1B1B700FAE05B /* Products */ = {
			isa = PBXGroup;
			children = (
				970F97E727F1B1B700FAE05B /* TofyKeys.app */,
			);
			name = Products;
			sourceTree = "<group>";
		};
		970F97E927F1B1B700FAE05B /* TofyKeys */ = {
			isa = PBXGroup;
			children = (
				97087D022A94EA18008A13A3 /* TofyKeysDebug.entitlements */,
				97BFA28C2A7A913300022312 /* User */,
				977F493F2811F48B00DE9BEC /* TofyKeys.entitlements */,
				977F493E280DA85800DE9BEC /* Resources */,
				970F980327F1BEEF00FAE05B /* API */,
				970F980827F1C02D00FAE05B /* Views */,
				970F980727F1C02300FAE05B /* ViewModels */,
				970F980027F1B96000FAE05B /* Helper */,
				970F97EA27F1B1B700FAE05B /* TofyKeysApp.swift */,
				970F97F027F1B1B900FAE05B /* Preview Content */,
			);
			path = TofyKeys;
			sourceTree = "<group>";
		};
		970F97F027F1B1B900FAE05B /* Preview Content */ = {
			isa = PBXGroup;
			children = (
				970F97F127F1B1B900FAE05B /* Preview Assets.xcassets */,
			);
			path = "Preview Content";
			sourceTree = "<group>";
		};
		970F97F827F1B66C00FAE05B /* Main */ = {
			isa = PBXGroup;
			children = (
				9774068929FFF40900802B25 /* Recordar */,
				9774068029D1AFC100802B25 /* Economy */,
			);
			path = Main;
			sourceTree = "<group>";
		};
		970F97F927F1B68400FAE05B /* UserSettings */ = {
			isa = PBXGroup;
			children = (
				970F980D27F1C48E00FAE05B /* Views */,
				970F980B27F1C40F00FAE05B /* UserSettingsView.swift */,
			);
			path = UserSettings;
			sourceTree = "<group>";
		};
		970F97FD27F1B70400FAE05B /* TopView */ = {
			isa = PBXGroup;
			children = (
				970F97FE27F1B71E00FAE05B /* TopView.swift */,
			);
			path = TopView;
			sourceTree = "<group>";
		};
		970F980027F1B96000FAE05B /* Helper */ = {
			isa = PBXGroup;
			children = (
				9774068329D1B9D400802B25 /* Navigation */,
				974E3D332849596E00C5CA1F /* Lottie */,
				974E3D322849595200C5CA1F /* UI */,
				977F4932280D92E100DE9BEC /* Localizables */,
				970F981627F1C7B700FAE05B /* Colors.swift */,
				974E3D2628198BA000C5CA1F /* Extensions.swift */,
				974E3D3528495A3E00C5CA1F /* GlobalManager.swift */,
				979B9398295AF7740034827D /* Animations.swift */,
				975B37232B22295800875619 /* SFSymbolManager.swift */,
			);
			path = Helper;
			sourceTree = "<group>";
		};
		970F980327F1BEEF00FAE05B /* API */ = {
			isa = PBXGroup;
			children = (
				970F982F27F6406E00FAE05B /* Network */,
				970F982E27F6406300FAE05B /* Local */,
				970F980427F1BEF600FAE05B /* Models */,
			);
			path = API;
			sourceTree = "<group>";
		};
		970F980427F1BEF600FAE05B /* Models */ = {
			isa = PBXGroup;
			children = (
				970F980527F1BF1E00FAE05B /* User.swift */,
				970F982C27F63F1900FAE05B /* Clave.swift */,
			);
			path = Models;
			sourceTree = "<group>";
		};
		970F980727F1C02300FAE05B /* ViewModels */ = {
			isa = PBXGroup;
			children = (
				970F980927F1C05100FAE05B /* UserViewModel.swift */,
				974E3D302847AC0700C5CA1F /* ClaveViewModel.swift */,
				975C73892A488AD400CDB280 /* EconomyViewModel.swift */,
				97BFA2952A7BE9BD00022312 /* TransactionCategoryViewModel.swift */,
			);
			path = ViewModels;
			sourceTree = "<group>";
		};
		970F980827F1C02D00FAE05B /* Views */ = {
			isa = PBXGroup;
			children = (
				9774067D29D1AF1300802B25 /* TabBar */,
				977F4937280D957900DE9BEC /* Login */,
				970F97F927F1B68400FAE05B /* UserSettings */,
				970F97F827F1B66C00FAE05B /* Main */,
			);
			path = Views;
			sourceTree = "<group>";
		};
		970F980D27F1C48E00FAE05B /* Views */ = {
			isa = PBXGroup;
			children = (
				970F980E27F1C5CB00FAE05B /* LoggedUser.swift */,
				970F981027F1C5D700FAE05B /* NoLoggedUser.swift */,
			);
			path = Views;
			sourceTree = "<group>";
		};
		970F982E27F6406300FAE05B /* Local */ = {
			isa = PBXGroup;
			children = (
				970F983027F6409200FAE05B /* TofyKeys.xcdatamodeld */,
				970F983727F6456300FAE05B /* PersistenceController.swift */,
				975C73832A36230200CDB280 /* ClaveBD.swift */,
				975C73852A36232400CDB280 /* UserDB.swift */,
				975C73872A36234400CDB280 /* EconomyDB.swift */,
				97BFA2932A7BE44100022312 /* CategoryDB.swift */,
			);
			path = Local;
			sourceTree = "<group>";
		};
		970F982F27F6406E00FAE05B /* Network */ = {
			isa = PBXGroup;
			children = (
				974E3D24281988D800C5CA1F /* ApiManager.swift */,
			);
			path = Network;
			sourceTree = "<group>";
		};
		97324F042A813A4D00AE050F /* Detalle */ = {
			isa = PBXGroup;
			children = (
				97129C452ADDCBD600870E8F /* TransferDetail.swift */,
			);
			path = Detalle;
			sourceTree = "<group>";
		};
		97354B382B1150180024B3FF /* Landing */ = {
			isa = PBXGroup;
			children = (
				9774068129D1AFD900802B25 /* EconomyLanding.swift */,
				97D9E81D2B76769D007A2B92 /* Add */,
				97354B392B1150290024B3FF /* Items */,
			);
			path = Landing;
			sourceTree = "<group>";
		};
		97354B392B1150290024B3FF /* Items */ = {
			isa = PBXGroup;
			children = (
				97354B3A2B11503D0024B3FF /* ContabilidadView.swift */,
				97D9E8152B767123007A2B92 /* CuentaView.swift */,
			);
			path = Items;
			sourceTree = "<group>";
		};
		973794D92B1F08F90061706C /* Category */ = {
			isa = PBXGroup;
			children = (
				9750FDF22B309B7E0035F543 /* Edit */,
				9750FDF12B309B760035F543 /* Add */,
				97D9E81B2B76753E007A2B92 /* CategoryCell.swift */,
			);
			path = Category;
			sourceTree = "<group>";
		};
		974E3D2D281C742700C5CA1F /* Register */ = {
			isa = PBXGroup;
			children = (
				974E3D2B281BF7A800C5CA1F /* RegisterView.swift */,
				974E3D2E281C744F00C5CA1F /* ChooseCharacter.swift */,
			);
			path = Register;
			sourceTree = "<group>";
		};
		974E3D322849595200C5CA1F /* UI */ = {
			isa = PBXGroup;
			children = (
				970F980127F1B97800FAE05B /* TofyText.swift */,
				970F981227F1C67600FAE05B /* TofyButton.swift */,
				977F493C280D9F2500DE9BEC /* TofyTextField.swift */,
				970F97FD27F1B70400FAE05B /* TopView */,
			);
			path = UI;
			sourceTree = "<group>";
		};
		974E3D332849596E00C5CA1F /* Lottie */ = {
			isa = PBXGroup;
			children = (
				974E3D342849598C00C5CA1F /* JSON */,
				974E3D2228197DAE00C5CA1F /* LottieView.swift */,
			);
			path = Lottie;
			sourceTree = "<group>";
		};
		974E3D342849598C00C5CA1F /* JSON */ = {
			isa = PBXGroup;
			children = (
				9774068729D881FE00802B25 /* add.json */,
				974E3D1D28197C9F00C5CA1F /* loading.json */,
			);
			path = JSON;
			sourceTree = "<group>";
		};
		9750FDF12B309B760035F543 /* Add */ = {
			isa = PBXGroup;
			children = (
				97BFA2912A7BDD9D00022312 /* AddCategoryView.swift */,
			);
			path = Add;
			sourceTree = "<group>";
		};
		9750FDF22B309B7E0035F543 /* Edit */ = {
			isa = PBXGroup;
			children = (
				973794DA2B1F09120061706C /* EditCategoryView.swift */,
				9750FDF32B309B920035F543 /* EditingCategoryCell.swift */,
			);
			path = Edit;
			sourceTree = "<group>";
		};
		975C738B2A4891EE00CDB280 /* Producto */ = {
			isa = PBXGroup;
			children = (
				97324F052A813A5600AE050F /* ProductoView.swift */,
				97D9E81A2B767496007A2B92 /* Transferencias */,
				97D9E8172B7672DE007A2B92 /* Menu */,
				973794D92B1F08F90061706C /* Category */,
				97324F042A813A4D00AE050F /* Detalle */,
			);
			path = Producto;
			sourceTree = "<group>";
		};
		9774067D29D1AF1300802B25 /* TabBar */ = {
			isa = PBXGroup;
			children = (
				9774067E29D1AF2100802B25 /* MainTabBarView.swift */,
			);
			path = TabBar;
			sourceTree = "<group>";
		};
		9774068029D1AFC100802B25 /* Economy */ = {
			isa = PBXGroup;
			children = (
				97354B382B1150180024B3FF /* Landing */,
				975C738B2A4891EE00CDB280 /* Producto */,
				975C73812A361B4B00CDB280 /* EconomyModel.swift */,
			);
			path = Economy;
			sourceTree = "<group>";
		};
		9774068329D1B9D400802B25 /* Navigation */ = {
			isa = PBXGroup;
			children = (
				9774068429D1B9E200802B25 /* TofyNavigation.swift */,
			);
			path = Navigation;
			sourceTree = "<group>";
		};
		9774068929FFF40900802B25 /* Recordar */ = {
			isa = PBXGroup;
			children = (
				9774068A29FFF41D00802B25 /* Claves */,
				9774068B29FFF42700802B25 /* Aparcamiento */,
				9774068C29FFF42E00802B25 /* Notas */,
				9774068D29FFF46B00802B25 /* RecordarView.swift */,
				9774068F29FFF5A400802B25 /* RecordarViewModel.swift */,
			);
			path = Recordar;
			sourceTree = "<group>";
		};
		9774068A29FFF41D00802B25 /* Claves */ = {
			isa = PBXGroup;
			children = (
				970F97FA27F1B69900FAE05B /* ClavesLandingView.swift */,
				9798C76E2850E3530044D11B /* AddClaveView.swift */,
				9798C7722853C8570044D11B /* ClaveCell.swift */,
				9798C7742857766A0044D11B /* ShowClaveView.swift */,
			);
			path = Claves;
			sourceTree = "<group>";
		};
		9774068B29FFF42700802B25 /* Aparcamiento */ = {
			isa = PBXGroup;
			children = (
				97999AF32A111CF600482E6D /* ParkingView.swift */,
				97999AF52A111D8000482E6D /* AddParkingView.swift */,
			);
			path = Aparcamiento;
			sourceTree = "<group>";
		};
		9774068C29FFF42E00802B25 /* Notas */ = {
			isa = PBXGroup;
			children = (
				975C737B2A238A1200CDB280 /* NotasView.swift */,
				975C737D2A238A1F00CDB280 /* AddNotasView.swift */,
				975C737F2A23A16800CDB280 /* ShowNotaView.swift */,
			);
			path = Notas;
			sourceTree = "<group>";
		};
		977F4932280D92E100DE9BEC /* Localizables */ = {
			isa = PBXGroup;
			children = (
				977F4935280D92F300DE9BEC /* Localizable.strings */,
			);
			path = Localizables;
			sourceTree = "<group>";
		};
		977F4937280D957900DE9BEC /* Login */ = {
			isa = PBXGroup;
			children = (
				974E3D2D281C742700C5CA1F /* Register */,
				977F493A280D95AC00DE9BEC /* LoginView.swift */,
			);
			path = Login;
			sourceTree = "<group>";
		};
		977F493E280DA85800DE9BEC /* Resources */ = {
			isa = PBXGroup;
			children = (
				970F981427F1C75800FAE05B /* Colors.xcassets */,
				970F97EE27F1B1B900FAE05B /* Assets.xcassets */,
			);
			path = Resources;
			sourceTree = "<group>";
		};
		97BFA28C2A7A913300022312 /* User */ = {
			isa = PBXGroup;
			children = (
				97BFA28D2A7A913F00022312 /* UserSettings.swift */,
			);
			path = User;
			sourceTree = "<group>";
		};
		97D9E8172B7672DE007A2B92 /* Menu */ = {
			isa = PBXGroup;
			children = (
				97D9E8182B767381007A2B92 /* ProductoMenu.swift */,
			);
			path = Menu;
			sourceTree = "<group>";
		};
		97D9E81A2B767496007A2B92 /* Transferencias */ = {
			isa = PBXGroup;
			children = (
				975C738E2A4DCA3200CDB280 /* AddTransferencia.swift */,
			);
			path = Transferencias;
			sourceTree = "<group>";
		};
		97D9E81D2B76769D007A2B92 /* Add */ = {
			isa = PBXGroup;
			children = (
				975C738C2A4891FB00CDB280 /* AddProductoView.swift */,
			);
			path = Add;
			sourceTree = "<group>";
		};
/* End PBXGroup section */

/* Begin PBXNativeTarget section */
		970F97E627F1B1B700FAE05B /* TofyKeys */ = {
			isa = PBXNativeTarget;
			buildConfigurationList = 970F97F527F1B1B900FAE05B /* Build configuration list for PBXNativeTarget "TofyKeys" */;
			buildPhases = (
				970F97E327F1B1B700FAE05B /* Sources */,
				970F97E427F1B1B700FAE05B /* Frameworks */,
				970F97E527F1B1B700FAE05B /* Resources */,
			);
			buildRules = (
			);
			dependencies = (
			);
			name = TofyKeys;
			packageProductDependencies = (
				974E3D2028197CE700C5CA1F /* Lottie */,
			);
			productName = TofyKeys;
			productReference = 970F97E727F1B1B700FAE05B /* TofyKeys.app */;
			productType = "com.apple.product-type.application";
		};
/* End PBXNativeTarget section */

/* Begin PBXProject section */
		970F97DF27F1B1B700FAE05B /* Project object */ = {
			isa = PBXProject;
			attributes = {
				BuildIndependentTargetsInParallel = 1;
				LastSwiftUpdateCheck = 1320;
				LastUpgradeCheck = 1320;
				TargetAttributes = {
					970F97E627F1B1B700FAE05B = {
						CreatedOnToolsVersion = 13.2.1;
					};
				};
			};
			buildConfigurationList = 970F97E227F1B1B700FAE05B /* Build configuration list for PBXProject "TofyKeys" */;
			compatibilityVersion = "Xcode 13.0";
			developmentRegion = en;
			hasScannedForEncodings = 0;
			knownRegions = (
				en,
				Base,
				es,
			);
			mainGroup = 970F97DE27F1B1B700FAE05B;
			packageReferences = (
				974E3D1F28197CE700C5CA1F /* XCRemoteSwiftPackageReference "lottie-ios" */,
			);
			productRefGroup = 970F97E827F1B1B700FAE05B /* Products */;
			projectDirPath = "";
			projectRoot = "";
			targets = (
				970F97E627F1B1B700FAE05B /* TofyKeys */,
			);
		};
/* End PBXProject section */

/* Begin PBXResourcesBuildPhase section */
		970F97E527F1B1B700FAE05B /* Resources */ = {
			isa = PBXResourcesBuildPhase;
			buildActionMask = 2147483647;
			files = (
				970F981527F1C75800FAE05B /* Colors.xcassets in Resources */,
				977F4933280D92F300DE9BEC /* Localizable.strings in Resources */,
				970F97F227F1B1B900FAE05B /* Preview Assets.xcassets in Resources */,
				970F97EF27F1B1B900FAE05B /* Assets.xcassets in Resources */,
				974E3D1E28197C9F00C5CA1F /* loading.json in Resources */,
				9774068829D881FE00802B25 /* add.json in Resources */,
			);
			runOnlyForDeploymentPostprocessing = 0;
		};
/* End PBXResourcesBuildPhase section */

/* Begin PBXSourcesBuildPhase section */
		970F97E327F1B1B700FAE05B /* Sources */ = {
			isa = PBXSourcesBuildPhase;
			buildActionMask = 2147483647;
			files = (
				975C73882A36234400CDB280 /* EconomyDB.swift in Sources */,
				9774068229D1AFD900802B25 /* EconomyLanding.swift in Sources */,
				9750FDF42B309B920035F543 /* EditingCategoryCell.swift in Sources */,
				975C738D2A4891FB00CDB280 /* AddProductoView.swift in Sources */,
				9774068529D1B9E200802B25 /* TofyNavigation.swift in Sources */,
				970F981127F1C5D700FAE05B /* NoLoggedUser.swift in Sources */,
				97999AF62A111D8000482E6D /* AddParkingView.swift in Sources */,
				97324F062A813A5600AE050F /* ProductoView.swift in Sources */,
				974E3D2328197DAE00C5CA1F /* LottieView.swift in Sources */,
				970F981727F1C7B700FAE05B /* Colors.swift in Sources */,
				974E3D2C281BF7A800C5CA1F /* RegisterView.swift in Sources */,
				970F982D27F63F1900FAE05B /* Clave.swift in Sources */,
				975C738F2A4DCA3200CDB280 /* AddTransferencia.swift in Sources */,
				975C738A2A488AD400CDB280 /* EconomyViewModel.swift in Sources */,
				9798C7752857766A0044D11B /* ShowClaveView.swift in Sources */,
				97BFA28E2A7A913F00022312 /* UserSettings.swift in Sources */,
				9774068E29FFF46B00802B25 /* RecordarView.swift in Sources */,
				975C737E2A238A1F00CDB280 /* AddNotasView.swift in Sources */,
				977F493B280D95AC00DE9BEC /* LoginView.swift in Sources */,
				97BFA2962A7BE9BD00022312 /* TransactionCategoryViewModel.swift in Sources */,
				97D9E81C2B76753E007A2B92 /* CategoryCell.swift in Sources */,
				975C73822A361B4B00CDB280 /* EconomyModel.swift in Sources */,
				97129C462ADDCBD600870E8F /* TransferDetail.swift in Sources */,
				975C737C2A238A1200CDB280 /* NotasView.swift in Sources */,
				974E3D2F281C744F00C5CA1F /* ChooseCharacter.swift in Sources */,
				970F980C27F1C40F00FAE05B /* UserSettingsView.swift in Sources */,
				9798C76F2850E3530044D11B /* AddClaveView.swift in Sources */,
				970F980227F1B97800FAE05B /* TofyText.swift in Sources */,
				974E3D3628495A3E00C5CA1F /* GlobalManager.swift in Sources */,
				97D9E8162B767123007A2B92 /* CuentaView.swift in Sources */,
				974E3D2728198BA000C5CA1F /* Extensions.swift in Sources */,
				9774069029FFF5A400802B25 /* RecordarViewModel.swift in Sources */,
				9798C7732853C8570044D11B /* ClaveCell.swift in Sources */,
				979B9399295AF7740034827D /* Animations.swift in Sources */,
				970F981327F1C67600FAE05B /* TofyButton.swift in Sources */,
				970F980A27F1C05100FAE05B /* UserViewModel.swift in Sources */,
				97999AF42A111CF600482E6D /* ParkingView.swift in Sources */,
				970F97FB27F1B69900FAE05B /* ClavesLandingView.swift in Sources */,
				97BFA2942A7BE44100022312 /* CategoryDB.swift in Sources */,
				974E3D25281988D800C5CA1F /* ApiManager.swift in Sources */,
				977F493D280D9F2500DE9BEC /* TofyTextField.swift in Sources */,
				970F980F27F1C5CB00FAE05B /* LoggedUser.swift in Sources */,
				975C73802A23A16800CDB280 /* ShowNotaView.swift in Sources */,
				97D9E8192B767381007A2B92 /* ProductoMenu.swift in Sources */,
				97354B3B2B11503D0024B3FF /* ContabilidadView.swift in Sources */,
				97BFA2922A7BDD9D00022312 /* AddCategoryView.swift in Sources */,
				970F97FF27F1B71E00FAE05B /* TopView.swift in Sources */,
				970F980627F1BF1E00FAE05B /* User.swift in Sources */,
				975C73842A36230200CDB280 /* ClaveBD.swift in Sources */,
				9774067F29D1AF2100802B25 /* MainTabBarView.swift in Sources */,
				970F97EB27F1B1B700FAE05B /* TofyKeysApp.swift in Sources */,
				975C73862A36232400CDB280 /* UserDB.swift in Sources */,
				973794DB2B1F09120061706C /* EditCategoryView.swift in Sources */,
				974E3D312847AC0700C5CA1F /* ClaveViewModel.swift in Sources */,
				975B37242B22295800875619 /* SFSymbolManager.swift in Sources */,
				970F983227F6409200FAE05B /* TofyKeys.xcdatamodeld in Sources */,
				970F983827F6456300FAE05B /* PersistenceController.swift in Sources */,
			);
			runOnlyForDeploymentPostprocessing = 0;
		};
/* End PBXSourcesBuildPhase section */

/* Begin PBXVariantGroup section */
		977F4935280D92F300DE9BEC /* Localizable.strings */ = {
			isa = PBXVariantGroup;
			children = (
				977F4934280D92F300DE9BEC /* en */,
				977F4936280D930400DE9BEC /* es */,
			);
			name = Localizable.strings;
			sourceTree = "<group>";
		};
/* End PBXVariantGroup section */

/* Begin XCBuildConfiguration section */
		970F97F327F1B1B900FAE05B /* Debug */ = {
			isa = XCBuildConfiguration;
			buildSettings = {
				ALWAYS_SEARCH_USER_PATHS = NO;
				CLANG_ANALYZER_LOCALIZABILITY_NONLOCALIZED = YES;
				CLANG_ANALYZER_NONNULL = YES;
				CLANG_ANALYZER_NUMBER_OBJECT_CONVERSION = YES_AGGRESSIVE;
				CLANG_CXX_LANGUAGE_STANDARD = "gnu++17";
				CLANG_CXX_LIBRARY = "libc++";
				CLANG_ENABLE_MODULES = YES;
				CLANG_ENABLE_OBJC_ARC = YES;
				CLANG_ENABLE_OBJC_WEAK = YES;
				CLANG_WARN_BLOCK_CAPTURE_AUTORELEASING = YES;
				CLANG_WARN_BOOL_CONVERSION = YES;
				CLANG_WARN_COMMA = YES;
				CLANG_WARN_CONSTANT_CONVERSION = YES;
				CLANG_WARN_DEPRECATED_OBJC_IMPLEMENTATIONS = YES;
				CLANG_WARN_DIRECT_OBJC_ISA_USAGE = YES_ERROR;
				CLANG_WARN_DOCUMENTATION_COMMENTS = YES;
				CLANG_WARN_EMPTY_BODY = YES;
				CLANG_WARN_ENUM_CONVERSION = YES;
				CLANG_WARN_INFINITE_RECURSION = YES;
				CLANG_WARN_INT_CONVERSION = YES;
				CLANG_WARN_NON_LITERAL_NULL_CONVERSION = YES;
				CLANG_WARN_OBJC_IMPLICIT_RETAIN_SELF = YES;
				CLANG_WARN_OBJC_LITERAL_CONVERSION = YES;
				CLANG_WARN_OBJC_ROOT_CLASS = YES_ERROR;
				CLANG_WARN_QUOTED_INCLUDE_IN_FRAMEWORK_HEADER = YES;
				CLANG_WARN_RANGE_LOOP_ANALYSIS = YES;
				CLANG_WARN_STRICT_PROTOTYPES = YES;
				CLANG_WARN_SUSPICIOUS_MOVE = YES;
				CLANG_WARN_UNGUARDED_AVAILABILITY = YES_AGGRESSIVE;
				CLANG_WARN_UNREACHABLE_CODE = YES;
				CLANG_WARN__DUPLICATE_METHOD_MATCH = YES;
				COPY_PHASE_STRIP = NO;
				DEBUG_INFORMATION_FORMAT = dwarf;
				ENABLE_STRICT_OBJC_MSGSEND = YES;
				ENABLE_TESTABILITY = YES;
				GCC_C_LANGUAGE_STANDARD = gnu11;
				GCC_DYNAMIC_NO_PIC = NO;
				GCC_NO_COMMON_BLOCKS = YES;
				GCC_OPTIMIZATION_LEVEL = 0;
				GCC_PREPROCESSOR_DEFINITIONS = (
					"DEBUG=1",
					"$(inherited)",
				);
				GCC_WARN_64_TO_32_BIT_CONVERSION = YES;
				GCC_WARN_ABOUT_RETURN_TYPE = YES_ERROR;
				GCC_WARN_UNDECLARED_SELECTOR = YES;
				GCC_WARN_UNINITIALIZED_AUTOS = YES_AGGRESSIVE;
				GCC_WARN_UNUSED_FUNCTION = YES;
				GCC_WARN_UNUSED_VARIABLE = YES;
				IPHONEOS_DEPLOYMENT_TARGET = 15.2;
				MTL_ENABLE_DEBUG_INFO = INCLUDE_SOURCE;
				MTL_FAST_MATH = YES;
				ONLY_ACTIVE_ARCH = YES;
				SDKROOT = iphoneos;
				SWIFT_ACTIVE_COMPILATION_CONDITIONS = DEBUG;
				SWIFT_OPTIMIZATION_LEVEL = "-Onone";
			};
			name = Debug;
		};
		970F97F427F1B1B900FAE05B /* Release */ = {
			isa = XCBuildConfiguration;
			buildSettings = {
				ALWAYS_SEARCH_USER_PATHS = NO;
				CLANG_ANALYZER_LOCALIZABILITY_NONLOCALIZED = YES;
				CLANG_ANALYZER_NONNULL = YES;
				CLANG_ANALYZER_NUMBER_OBJECT_CONVERSION = YES_AGGRESSIVE;
				CLANG_CXX_LANGUAGE_STANDARD = "gnu++17";
				CLANG_CXX_LIBRARY = "libc++";
				CLANG_ENABLE_MODULES = YES;
				CLANG_ENABLE_OBJC_ARC = YES;
				CLANG_ENABLE_OBJC_WEAK = YES;
				CLANG_WARN_BLOCK_CAPTURE_AUTORELEASING = YES;
				CLANG_WARN_BOOL_CONVERSION = YES;
				CLANG_WARN_COMMA = YES;
				CLANG_WARN_CONSTANT_CONVERSION = YES;
				CLANG_WARN_DEPRECATED_OBJC_IMPLEMENTATIONS = YES;
				CLANG_WARN_DIRECT_OBJC_ISA_USAGE = YES_ERROR;
				CLANG_WARN_DOCUMENTATION_COMMENTS = YES;
				CLANG_WARN_EMPTY_BODY = YES;
				CLANG_WARN_ENUM_CONVERSION = YES;
				CLANG_WARN_INFINITE_RECURSION = YES;
				CLANG_WARN_INT_CONVERSION = YES;
				CLANG_WARN_NON_LITERAL_NULL_CONVERSION = YES;
				CLANG_WARN_OBJC_IMPLICIT_RETAIN_SELF = YES;
				CLANG_WARN_OBJC_LITERAL_CONVERSION = YES;
				CLANG_WARN_OBJC_ROOT_CLASS = YES_ERROR;
				CLANG_WARN_QUOTED_INCLUDE_IN_FRAMEWORK_HEADER = YES;
				CLANG_WARN_RANGE_LOOP_ANALYSIS = YES;
				CLANG_WARN_STRICT_PROTOTYPES = YES;
				CLANG_WARN_SUSPICIOUS_MOVE = YES;
				CLANG_WARN_UNGUARDED_AVAILABILITY = YES_AGGRESSIVE;
				CLANG_WARN_UNREACHABLE_CODE = YES;
				CLANG_WARN__DUPLICATE_METHOD_MATCH = YES;
				COPY_PHASE_STRIP = NO;
				DEBUG_INFORMATION_FORMAT = "dwarf-with-dsym";
				ENABLE_NS_ASSERTIONS = NO;
				ENABLE_STRICT_OBJC_MSGSEND = YES;
				GCC_C_LANGUAGE_STANDARD = gnu11;
				GCC_NO_COMMON_BLOCKS = YES;
				GCC_WARN_64_TO_32_BIT_CONVERSION = YES;
				GCC_WARN_ABOUT_RETURN_TYPE = YES_ERROR;
				GCC_WARN_UNDECLARED_SELECTOR = YES;
				GCC_WARN_UNINITIALIZED_AUTOS = YES_AGGRESSIVE;
				GCC_WARN_UNUSED_FUNCTION = YES;
				GCC_WARN_UNUSED_VARIABLE = YES;
				IPHONEOS_DEPLOYMENT_TARGET = 15.2;
				MTL_ENABLE_DEBUG_INFO = NO;
				MTL_FAST_MATH = YES;
				SDKROOT = iphoneos;
				SWIFT_COMPILATION_MODE = wholemodule;
				SWIFT_OPTIMIZATION_LEVEL = "-O";
				VALIDATE_PRODUCT = YES;
			};
			name = Release;
		};
		970F97F627F1B1B900FAE05B /* Debug */ = {
			isa = XCBuildConfiguration;
			buildSettings = {
				ASSETCATALOG_COMPILER_APPICON_NAME = AppIcon;
				ASSETCATALOG_COMPILER_GLOBAL_ACCENT_COLOR_NAME = AccentColor;
				CODE_SIGN_ENTITLEMENTS = TofyKeys/TofyKeysDebug.entitlements;
				CODE_SIGN_IDENTITY = "Apple Development";
				CODE_SIGN_STYLE = Automatic;
				CURRENT_PROJECT_VERSION = 1;
				DEVELOPMENT_ASSET_PATHS = "\"TofyKeys/Preview Content\"";
				DEVELOPMENT_TEAM = FR47VZSJ37;
				ENABLE_PREVIEWS = YES;
				GENERATE_INFOPLIST_FILE = NO;
				INFOPLIST_FILE = /Users/mikel/Documents/Proyectos/TofyKeys_iOS/Info.plist;
				INFOPLIST_KEY_CFBundleDisplayName = Tofy;
				INFOPLIST_KEY_UIApplicationSceneManifest_Generation = YES;
				INFOPLIST_KEY_UIApplicationSupportsIndirectInputEvents = YES;
				INFOPLIST_KEY_UILaunchScreen_Generation = YES;
				INFOPLIST_KEY_UISupportedInterfaceOrientations_iPad = "UIInterfaceOrientationPortrait UIInterfaceOrientationPortraitUpsideDown UIInterfaceOrientationLandscapeLeft UIInterfaceOrientationLandscapeRight";
				INFOPLIST_KEY_UISupportedInterfaceOrientations_iPhone = "UIInterfaceOrientationPortrait UIInterfaceOrientationLandscapeLeft UIInterfaceOrientationLandscapeRight";
				IPHONEOS_DEPLOYMENT_TARGET = 17.0;
				LD_RUNPATH_SEARCH_PATHS = (
					"$(inherited)",
					"@executable_path/Frameworks",
				);
				MARKETING_VERSION = 1.0;
				PRODUCT_BUNDLE_IDENTIFIER = com.codebounds.tofy;
				PRODUCT_NAME = "$(TARGET_NAME)";
				PROVISIONING_PROFILE_SPECIFIER = "";
				SWIFT_EMIT_LOC_STRINGS = YES;
				SWIFT_VERSION = 5.0;
				TARGETED_DEVICE_FAMILY = "1,2";
			};
			name = Debug;
		};
		970F97F727F1B1B900FAE05B /* Release */ = {
			isa = XCBuildConfiguration;
			buildSettings = {
				ASSETCATALOG_COMPILER_APPICON_NAME = AppIcon;
				ASSETCATALOG_COMPILER_GLOBAL_ACCENT_COLOR_NAME = AccentColor;
				CODE_SIGN_ENTITLEMENTS = TofyKeys/TofyKeys.entitlements;
				"CODE_SIGN_IDENTITY[sdk=iphoneos*]" = "iPhone Developer";
				CODE_SIGN_STYLE = Manual;
				CURRENT_PROJECT_VERSION = 1;
				DEVELOPMENT_ASSET_PATHS = "\"TofyKeys/Preview Content\"";
				DEVELOPMENT_TEAM = "";
				"DEVELOPMENT_TEAM[sdk=iphoneos*]" = M63K3782TK;
				ENABLE_PREVIEWS = YES;
				GENERATE_INFOPLIST_FILE = NO;
				INFOPLIST_FILE = /Users/mikel/Documents/Proyectos/TofyKeys_iOS/Info.plist;
				INFOPLIST_KEY_CFBundleDisplayName = Tofy;
				INFOPLIST_KEY_UIApplicationSceneManifest_Generation = YES;
				INFOPLIST_KEY_UIApplicationSupportsIndirectInputEvents = YES;
				INFOPLIST_KEY_UILaunchScreen_Generation = YES;
				INFOPLIST_KEY_UISupportedInterfaceOrientations_iPad = "UIInterfaceOrientationPortrait UIInterfaceOrientationPortraitUpsideDown UIInterfaceOrientationLandscapeLeft UIInterfaceOrientationLandscapeRight";
				INFOPLIST_KEY_UISupportedInterfaceOrientations_iPhone = "UIInterfaceOrientationPortrait UIInterfaceOrientationLandscapeLeft UIInterfaceOrientationLandscapeRight";
				IPHONEOS_DEPLOYMENT_TARGET = 17.0;
				LD_RUNPATH_SEARCH_PATHS = (
					"$(inherited)",
					"@executable_path/Frameworks",
				);
				MARKETING_VERSION = 1.0;
				PRODUCT_BUNDLE_IDENTIFIER = com.codebounds.tofyKeys.TofyKeys;
				PRODUCT_NAME = "$(TARGET_NAME)";
				PROVISIONING_PROFILE_SPECIFIER = "";
				"PROVISIONING_PROFILE_SPECIFIER[sdk=iphoneos*]" = "TofyKeys Development";
				SWIFT_EMIT_LOC_STRINGS = YES;
				SWIFT_VERSION = 5.0;
				TARGETED_DEVICE_FAMILY = "1,2";
			};
			name = Release;
		};
/* End XCBuildConfiguration section */

/* Begin XCConfigurationList section */
		970F97E227F1B1B700FAE05B /* Build configuration list for PBXProject "TofyKeys" */ = {
			isa = XCConfigurationList;
			buildConfigurations = (
				970F97F327F1B1B900FAE05B /* Debug */,
				970F97F427F1B1B900FAE05B /* Release */,
			);
			defaultConfigurationIsVisible = 0;
			defaultConfigurationName = Release;
		};
		970F97F527F1B1B900FAE05B /* Build configuration list for PBXNativeTarget "TofyKeys" */ = {
			isa = XCConfigurationList;
			buildConfigurations = (
				970F97F627F1B1B900FAE05B /* Debug */,
				970F97F727F1B1B900FAE05B /* Release */,
			);
			defaultConfigurationIsVisible = 0;
			defaultConfigurationName = Release;
		};
/* End XCConfigurationList section */

/* Begin XCRemoteSwiftPackageReference section */
		974E3D1F28197CE700C5CA1F /* XCRemoteSwiftPackageReference "lottie-ios" */ = {
			isa = XCRemoteSwiftPackageReference;
			repositoryURL = "https://github.com/airbnb/lottie-ios";
			requirement = {
				kind = upToNextMajorVersion;
				minimumVersion = 3.0.0;
			};
		};
/* End XCRemoteSwiftPackageReference section */

/* Begin XCSwiftPackageProductDependency section */
		974E3D2028197CE700C5CA1F /* Lottie */ = {
			isa = XCSwiftPackageProductDependency;
			package = 974E3D1F28197CE700C5CA1F /* XCRemoteSwiftPackageReference "lottie-ios" */;
			productName = Lottie;
		};
/* End XCSwiftPackageProductDependency section */

/* Begin XCVersionGroup section */
		970F983027F6409200FAE05B /* TofyKeys.xcdatamodeld */ = {
			isa = XCVersionGroup;
			children = (
				970F983127F6409200FAE05B /* UserDatabase.xcdatamodel */,
			);
			currentVersion = 970F983127F6409200FAE05B /* UserDatabase.xcdatamodel */;
			path = TofyKeys.xcdatamodeld;
			sourceTree = "<group>";
			versionGroupType = wrapper.xcdatamodel;
		};
/* End XCVersionGroup section */
	};
	rootObject = 970F97DF27F1B1B700FAE05B /* Project object */;
}
